
Microsoft Visual Studio Solution File, Format Version 12.00
# Visual Studio Version 17
VisualStudioVersion = 17.8.34511.84
MinimumVisualStudioVersion = 10.0.40219.1
Project("{FAE04EC0-301F-11D3-BF4B-00C04F79EFBC}") = "lab12-server", "lab12-server\lab12-server.csproj", "{BFE77407-875C-47C1-9E7B-4789ABD6AA49}"
EndProject
Global
	GlobalSection(SolutionConfigurationPlatforms) = preSolution
		Debug|Any CPU = Debug|Any CPU
		Release|Any CPU = Release|Any CPU
	EndGlobalSection
	GlobalSection(ProjectConfigurationPlatforms) = postSolution
		{BFE77407-875C-47C1-9E7B-4789ABD6AA49}.Debug|Any CPU.ActiveCfg = Debug|Any CPU
		{BFE77407-875C-47C1-9E7B-4789ABD6AA49}.Debug|Any CPU.Build.0 = Debug|Any CPU
		{BFE77407-875C-47C1-9E7B-4789ABD6AA49}.Release|Any CPU.ActiveCfg = Release|Any CPU
		{BFE77407-875C-47C1-9E7B-4789ABD6AA49}.Release|Any CPU.Build.0 = Release|Any CPU
	EndGlobalSection
	GlobalSection(SolutionProperties) = preSolution
		HideSolutionNode = FALSE
	EndGlobalSection
	GlobalSection(ExtensibilityGlobals) = postSolution
		SolutionGuid = {580BC45B-27D4-47E9-9581-8FB12EFB12C1}
	EndGlobalSection
EndGlobal
